// !$*UTF8*$!
{
	archiveVersion = 1;
	classes = {
	};
	objectVersion = 50;
	objects = {

/* Begin PBXBuildFile section */
		953EEF7723393FD700C2A475 /* NetWorkManager.swift in Sources */ = {isa = PBXBuildFile; fileRef = 953EEF7623393FD700C2A475 /* NetWorkManager.swift */; };
		953EEF792339713A00C2A475 /* ImageModel.swift in Sources */ = {isa = PBXBuildFile; fileRef = 953EEF782339713A00C2A475 /* ImageModel.swift */; };
		953EEF7B233975BD00C2A475 /* DataProvider.swift in Sources */ = {isa = PBXBuildFile; fileRef = 953EEF7A233975BD00C2A475 /* DataProvider.swift */; };
		95FB70CE2337B40900BFD339 /* AppDelegate.swift in Sources */ = {isa = PBXBuildFile; fileRef = 95FB70CD2337B40900BFD339 /* AppDelegate.swift */; };
		95FB70D32337B40900BFD339 /* Main.storyboard in Resources */ = {isa = PBXBuildFile; fileRef = 95FB70D12337B40900BFD339 /* Main.storyboard */; };
		95FB70D52337B40C00BFD339 /* Assets.xcassets in Resources */ = {isa = PBXBuildFile; fileRef = 95FB70D42337B40C00BFD339 /* Assets.xcassets */; };
		95FB70D82337B40C00BFD339 /* LaunchScreen.storyboard in Resources */ = {isa = PBXBuildFile; fileRef = 95FB70D62337B40C00BFD339 /* LaunchScreen.storyboard */; };
		95FB70E02337B70900BFD339 /* ImageViewController.swift in Sources */ = {isa = PBXBuildFile; fileRef = 95FB70DF2337B70900BFD339 /* ImageViewController.swift */; };
		95FB70E22337C21900BFD339 /* CourseViewController.swift in Sources */ = {isa = PBXBuildFile; fileRef = 95FB70E12337C21900BFD339 /* CourseViewController.swift */; };
		95FB70E42337C25B00BFD339 /* WebViewController.swift in Sources */ = {isa = PBXBuildFile; fileRef = 95FB70E32337C25B00BFD339 /* WebViewController.swift */; };
		95FB70E62337C2B700BFD339 /* CustomTableViewCell.swift in Sources */ = {isa = PBXBuildFile; fileRef = 95FB70E52337C2B700BFD339 /* CustomTableViewCell.swift */; };
		95FB70E82337C8A700BFD339 /* Course.swift in Sources */ = {isa = PBXBuildFile; fileRef = 95FB70E72337C8A700BFD339 /* Course.swift */; };
		95FB70EA2337CCAD00BFD339 /* WebsiteDescription.swift in Sources */ = {isa = PBXBuildFile; fileRef = 95FB70E92337CCAD00BFD339 /* WebsiteDescription.swift */; };
		95FB70ED2337EC9700BFD339 /* WebKit.framework in Frameworks */ = {isa = PBXBuildFile; fileRef = 95FB70EC2337EC9700BFD339 /* WebKit.framework */; };
		95FB70EF23393C0700BFD339 /* MainViewController.swift in Sources */ = {isa = PBXBuildFile; fileRef = 95FB70EE23393C0700BFD339 /* MainViewController.swift */; };
		95FB70F123393C1800BFD339 /* CollectionViewCell.swift in Sources */ = {isa = PBXBuildFile; fileRef = 95FB70F023393C1800BFD339 /* CollectionViewCell.swift */; };
/* End PBXBuildFile section */

/* Begin PBXFileReference section */
		953EEF7623393FD700C2A475 /* NetWorkManager.swift */ = {isa = PBXFileReference; lastKnownFileType = sourcecode.swift; path = NetWorkManager.swift; sourceTree = "<group>"; };
		953EEF782339713A00C2A475 /* ImageModel.swift */ = {isa = PBXFileReference; lastKnownFileType = sourcecode.swift; path = ImageModel.swift; sourceTree = "<group>"; };
		953EEF7A233975BD00C2A475 /* DataProvider.swift */ = {isa = PBXFileReference; lastKnownFileType = sourcecode.swift; path = DataProvider.swift; sourceTree = "<group>"; };
		95FB70CA2337B40900BFD339 /* GetRequest.app */ = {isa = PBXFileReference; explicitFileType = wrapper.application; includeInIndex = 0; path = GetRequest.app; sourceTree = BUILT_PRODUCTS_DIR; };
		95FB70CD2337B40900BFD339 /* AppDelegate.swift */ = {isa = PBXFileReference; lastKnownFileType = sourcecode.swift; path = AppDelegate.swift; sourceTree = "<group>"; };
		95FB70D22337B40900BFD339 /* Base */ = {isa = PBXFileReference; lastKnownFileType = file.storyboard; name = Base; path = Base.lproj/Main.storyboard; sourceTree = "<group>"; };
		95FB70D42337B40C00BFD339 /* Assets.xcassets */ = {isa = PBXFileReference; lastKnownFileType = folder.assetcatalog; path = Assets.xcassets; sourceTree = "<group>"; };
		95FB70D72337B40C00BFD339 /* Base */ = {isa = PBXFileReference; lastKnownFileType = file.storyboard; name = Base; path = Base.lproj/LaunchScreen.storyboard; sourceTree = "<group>"; };
		95FB70D92337B40C00BFD339 /* Info.plist */ = {isa = PBXFileReference; lastKnownFileType = text.plist.xml; path = Info.plist; sourceTree = "<group>"; };
		95FB70DF2337B70900BFD339 /* ImageViewController.swift */ = {isa = PBXFileReference; lastKnownFileType = sourcecode.swift; path = ImageViewController.swift; sourceTree = "<group>"; };
		95FB70E12337C21900BFD339 /* CourseViewController.swift */ = {isa = PBXFileReference; lastKnownFileType = sourcecode.swift; path = CourseViewController.swift; sourceTree = "<group>"; };
		95FB70E32337C25B00BFD339 /* WebViewController.swift */ = {isa = PBXFileReference; lastKnownFileType = sourcecode.swift; path = WebViewController.swift; sourceTree = "<group>"; };
		95FB70E52337C2B700BFD339 /* CustomTableViewCell.swift */ = {isa = PBXFileReference; lastKnownFileType = sourcecode.swift; path = CustomTableViewCell.swift; sourceTree = "<group>"; };
		95FB70E72337C8A700BFD339 /* Course.swift */ = {isa = PBXFileReference; lastKnownFileType = sourcecode.swift; path = Course.swift; sourceTree = "<group>"; };
		95FB70E92337CCAD00BFD339 /* WebsiteDescription.swift */ = {isa = PBXFileReference; lastKnownFileType = sourcecode.swift; path = WebsiteDescription.swift; sourceTree = "<group>"; };
		95FB70EC2337EC9700BFD339 /* WebKit.framework */ = {isa = PBXFileReference; lastKnownFileType = wrapper.framework; name = WebKit.framework; path = System/Library/Frameworks/WebKit.framework; sourceTree = SDKROOT; };
		95FB70EE23393C0700BFD339 /* MainViewController.swift */ = {isa = PBXFileReference; lastKnownFileType = sourcecode.swift; path = MainViewController.swift; sourceTree = "<group>"; };
		95FB70F023393C1800BFD339 /* CollectionViewCell.swift */ = {isa = PBXFileReference; lastKnownFileType = sourcecode.swift; path = CollectionViewCell.swift; sourceTree = "<group>"; };
/* End PBXFileReference section */

/* Begin PBXFrameworksBuildPhase section */
		95FB70C72337B40900BFD339 /* Frameworks */ = {
			isa = PBXFrameworksBuildPhase;
			buildActionMask = 2147483647;
			files = (
				95FB70ED2337EC9700BFD339 /* WebKit.framework in Frameworks */,
			);
			runOnlyForDeploymentPostprocessing = 0;
		};
/* End PBXFrameworksBuildPhase section */

/* Begin PBXGroup section */
		95FB70C12337B40900BFD339 = {
			isa = PBXGroup;
			children = (
				95FB70CC2337B40900BFD339 /* GetRequest */,
				95FB70CB2337B40900BFD339 /* Products */,
				95FB70EB2337EC9600BFD339 /* Frameworks */,
			);
			sourceTree = "<group>";
		};
		95FB70CB2337B40900BFD339 /* Products */ = {
			isa = PBXGroup;
			children = (
				95FB70CA2337B40900BFD339 /* GetRequest.app */,
			);
			name = Products;
			sourceTree = "<group>";
		};
		95FB70CC2337B40900BFD339 /* GetRequest */ = {
			isa = PBXGroup;
			children = (
				95FB70CD2337B40900BFD339 /* AppDelegate.swift */,
				953EEF782339713A00C2A475 /* ImageModel.swift */,
				953EEF7623393FD700C2A475 /* NetWorkManager.swift */,
				953EEF7A233975BD00C2A475 /* DataProvider.swift */,
				95FB70E72337C8A700BFD339 /* Course.swift */,
				95FB70E92337CCAD00BFD339 /* WebsiteDescription.swift */,
				95FB70EE23393C0700BFD339 /* MainViewController.swift */,
				95FB70F023393C1800BFD339 /* CollectionViewCell.swift */,
				95FB70DF2337B70900BFD339 /* ImageViewController.swift */,
				95FB70E12337C21900BFD339 /* CourseViewController.swift */,
				95FB70E32337C25B00BFD339 /* WebViewController.swift */,
				95FB70E52337C2B700BFD339 /* CustomTableViewCell.swift */,
				95FB70D12337B40900BFD339 /* Main.storyboard */,
				95FB70D42337B40C00BFD339 /* Assets.xcassets */,
				95FB70D62337B40C00BFD339 /* LaunchScreen.storyboard */,
				95FB70D92337B40C00BFD339 /* Info.plist */,
			);
			path = GetRequest;
			sourceTree = "<group>";
		};
		95FB70EB2337EC9600BFD339 /* Frameworks */ = {
			isa = PBXGroup;
			children = (
				95FB70EC2337EC9700BFD339 /* WebKit.framework */,
			);
			name = Frameworks;
			sourceTree = "<group>";
		};
/* End PBXGroup section */

/* Begin PBXNativeTarget section */
		95FB70C92337B40900BFD339 /* GetRequest */ = {
			isa = PBXNativeTarget;
			buildConfigurationList = 95FB70DC2337B40C00BFD339 /* Build configuration list for PBXNativeTarget "GetRequest" */;
			buildPhases = (
				95FB70C62337B40900BFD339 /* Sources */,
				95FB70C72337B40900BFD339 /* Frameworks */,
				95FB70C82337B40900BFD339 /* Resources */,
			);
			buildRules = (
			);
			dependencies = (
			);
			name = GetRequest;
			productName = GetRequest;
			productReference = 95FB70CA2337B40900BFD339 /* GetRequest.app */;
			productType = "com.apple.product-type.application";
		};
/* End PBXNativeTarget section */

/* Begin PBXProject section */
		95FB70C22337B40900BFD339 /* Project object */ = {
			isa = PBXProject;
			attributes = {
				LastSwiftUpdateCheck = 1030;
				LastUpgradeCheck = 1030;
				ORGANIZATIONNAME = "Artem Esolnyak";
				TargetAttributes = {
					95FB70C92337B40900BFD339 = {
						CreatedOnToolsVersion = 10.3;
						SystemCapabilities = {
							com.apple.BackgroundModes = {
								enabled = 1;
							};
						};
					};
				};
			};
			buildConfigurationList = 95FB70C52337B40900BFD339 /* Build configuration list for PBXProject "GetRequest" */;
			compatibilityVersion = "Xcode 9.3";
			developmentRegion = en;
			hasScannedForEncodings = 0;
			knownRegions = (
				en,
				Base,
			);
			mainGroup = 95FB70C12337B40900BFD339;
			productRefGroup = 95FB70CB2337B40900BFD339 /* Products */;
			projectDirPath = "";
			projectRoot = "";
			targets = (
				95FB70C92337B40900BFD339 /* GetRequest */,
			);
		};
/* End PBXProject section */

/* Begin PBXResourcesBuildPhase section */
		95FB70C82337B40900BFD339 /* Resources */ = {
			isa = PBXResourcesBuildPhase;
			buildActionMask = 2147483647;
			files = (
				95FB70D82337B40C00BFD339 /* LaunchScreen.storyboard in Resources */,
				95FB70D52337B40C00BFD339 /* Assets.xcassets in Resources */,
				95FB70D32337B40900BFD339 /* Main.storyboard in Resources */,
			);
			runOnlyForDeploymentPostprocessing = 0;
		};
/* End PBXResourcesBuildPhase section */

/* Begin PBXSourcesBuildPhase section */
		95FB70C62337B40900BFD339 /* Sources */ = {
			isa = PBXSourcesBuildPhase;
			buildActionMask = 2147483647;
			files = (
				953EEF792339713A00C2A475 /* ImageModel.swift in Sources */,
				95FB70F123393C1800BFD339 /* CollectionViewCell.swift in Sources */,
				95FB70E62337C2B700BFD339 /* CustomTableViewCell.swift in Sources */,
				95FB70E82337C8A700BFD339 /* Course.swift in Sources */,
				95FB70EA2337CCAD00BFD339 /* WebsiteDescription.swift in Sources */,
				953EEF7723393FD700C2A475 /* NetWorkManager.swift in Sources */,
				953EEF7B233975BD00C2A475 /* DataProvider.swift in Sources */,
				95FB70E22337C21900BFD339 /* CourseViewController.swift in Sources */,
				95FB70E02337B70900BFD339 /* ImageViewController.swift in Sources */,
				95FB70EF23393C0700BFD339 /* MainViewController.swift in Sources */,
				95FB70E42337C25B00BFD339 /* WebViewController.swift in Sources */,
				95FB70CE2337B40900BFD339 /* AppDelegate.swift in Sources */,
			);
			runOnlyForDeploymentPostprocessing = 0;
		};
/* End PBXSourcesBuildPhase section */

/* Begin PBXVariantGroup section */
		95FB70D12337B40900BFD339 /* Main.storyboard */ = {
			isa = PBXVariantGroup;
			children = (
				95FB70D22337B40900BFD339 /* Base */,
			);
			name = Main.storyboard;
			sourceTree = "<group>";
		};
		95FB70D62337B40C00BFD339 /* LaunchScreen.storyboard */ = {
			isa = PBXVariantGroup;
			children = (
				95FB70D72337B40C00BFD339 /* Base */,
			);
			name = LaunchScreen.storyboard;
			sourceTree = "<group>";
		};
/* End PBXVariantGroup section */

/* Begin XCBuildConfiguration section */
		95FB70DA2337B40C00BFD339 /* Debug */ = {
			isa = XCBuildConfiguration;
			buildSettings = {
				ALWAYS_SEARCH_USER_PATHS = NO;
				CLANG_ANALYZER_NONNULL = YES;
				CLANG_ANALYZER_NUMBER_OBJECT_CONVERSION = YES_AGGRESSIVE;
				CLANG_CXX_LANGUAGE_STANDARD = "gnu++14";
				CLANG_CXX_LIBRARY = "libc++";
				CLANG_ENABLE_MODULES = YES;
				CLANG_ENABLE_OBJC_ARC = YES;
				CLANG_ENABLE_OBJC_WEAK = YES;
				CLANG_WARN_BLOCK_CAPTURE_AUTORELEASING = YES;
				CLANG_WARN_BOOL_CONVERSION = YES;
				CLANG_WARN_COMMA = YES;
				CLANG_WARN_CONSTANT_CONVERSION = YES;
				CLANG_WARN_DEPRECATED_OBJC_IMPLEMENTATIONS = YES;
				CLANG_WARN_DIRECT_OBJC_ISA_USAGE = YES_ERROR;
				CLANG_WARN_DOCUMENTATION_COMMENTS = YES;
				CLANG_WARN_EMPTY_BODY = YES;
				CLANG_WARN_ENUM_CONVERSION = YES;
				CLANG_WARN_INFINITE_RECURSION = YES;
				CLANG_WARN_INT_CONVERSION = YES;
				CLANG_WARN_NON_LITERAL_NULL_CONVERSION = YES;
				CLANG_WARN_OBJC_IMPLICIT_RETAIN_SELF = YES;
				CLANG_WARN_OBJC_LITERAL_CONVERSION = YES;
				CLANG_WARN_OBJC_ROOT_CLASS = YES_ERROR;
				CLANG_WARN_RANGE_LOOP_ANALYSIS = YES;
				CLANG_WARN_STRICT_PROTOTYPES = YES;
				CLANG_WARN_SUSPICIOUS_MOVE = YES;
				CLANG_WARN_UNGUARDED_AVAILABILITY = YES_AGGRESSIVE;
				CLANG_WARN_UNREACHABLE_CODE = YES;
				CLANG_WARN__DUPLICATE_METHOD_MATCH = YES;
				CODE_SIGN_IDENTITY = "iPhone Developer";
				COPY_PHASE_STRIP = NO;
				DEBUG_INFORMATION_FORMAT = dwarf;
				ENABLE_STRICT_OBJC_MSGSEND = YES;
				ENABLE_TESTABILITY = YES;
				GCC_C_LANGUAGE_STANDARD = gnu11;
				GCC_DYNAMIC_NO_PIC = NO;
				GCC_NO_COMMON_BLOCKS = YES;
				GCC_OPTIMIZATION_LEVEL = 0;
				GCC_PREPROCESSOR_DEFINITIONS = (
					"DEBUG=1",
					"$(inherited)",
				);
				GCC_WARN_64_TO_32_BIT_CONVERSION = YES;
				GCC_WARN_ABOUT_RETURN_TYPE = YES_ERROR;
				GCC_WARN_UNDECLARED_SELECTOR = YES;
				GCC_WARN_UNINITIALIZED_AUTOS = YES_AGGRESSIVE;
				GCC_WARN_UNUSED_FUNCTION = YES;
				GCC_WARN_UNUSED_VARIABLE = YES;
				IPHONEOS_DEPLOYMENT_TARGET = 12.4;
				MTL_ENABLE_DEBUG_INFO = INCLUDE_SOURCE;
				MTL_FAST_MATH = YES;
				ONLY_ACTIVE_ARCH = YES;
				SDKROOT = iphoneos;
				SWIFT_ACTIVE_COMPILATION_CONDITIONS = DEBUG;
				SWIFT_OPTIMIZATION_LEVEL = "-Onone";
			};
			name = Debug;
		};
		95FB70DB2337B40C00BFD339 /* Release */ = {
			isa = XCBuildConfiguration;
			buildSettings = {
				ALWAYS_SEARCH_USER_PATHS = NO;
				CLANG_ANALYZER_NONNULL = YES;
				CLANG_ANALYZER_NUMBER_OBJECT_CONVERSION = YES_AGGRESSIVE;
				CLANG_CXX_LANGUAGE_STANDARD = "gnu++14";
				CLANG_CXX_LIBRARY = "libc++";
				CLANG_ENABLE_MODULES = YES;
				CLANG_ENABLE_OBJC_ARC = YES;
				CLANG_ENABLE_OBJC_WEAK = YES;
				CLANG_WARN_BLOCK_CAPTURE_AUTORELEASING = YES;
				CLANG_WARN_BOOL_CONVERSION = YES;
				CLANG_WARN_COMMA = YES;
				CLANG_WARN_CONSTANT_CONVERSION = YES;
				CLANG_WARN_DEPRECATED_OBJC_IMPLEMENTATIONS = YES;
				CLANG_WARN_DIRECT_OBJC_ISA_USAGE = YES_ERROR;
				CLANG_WARN_DOCUMENTATION_COMMENTS = YES;
				CLANG_WARN_EMPTY_BODY = YES;
				CLANG_WARN_ENUM_CONVERSION = YES;
				CLANG_WARN_INFINITE_RECURSION = YES;
				CLANG_WARN_INT_CONVERSION = YES;
				CLANG_WARN_NON_LITERAL_NULL_CONVERSION = YES;
				CLANG_WARN_OBJC_IMPLICIT_RETAIN_SELF = YES;
				CLANG_WARN_OBJC_LITERAL_CONVERSION = YES;
				CLANG_WARN_OBJC_ROOT_CLASS = YES_ERROR;
				CLANG_WARN_RANGE_LOOP_ANALYSIS = YES;
				CLANG_WARN_STRICT_PROTOTYPES = YES;
				CLANG_WARN_SUSPICIOUS_MOVE = YES;
				CLANG_WARN_UNGUARDED_AVAILABILITY = YES_AGGRESSIVE;
				CLANG_WARN_UNREACHABLE_CODE = YES;
				CLANG_WARN__DUPLICATE_METHOD_MATCH = YES;
				CODE_SIGN_IDENTITY = "iPhone Developer";
				COPY_PHASE_STRIP = NO;
				DEBUG_INFORMATION_FORMAT = "dwarf-with-dsym";
				ENABLE_NS_ASSERTIONS = NO;
				ENABLE_STRICT_OBJC_MSGSEND = YES;
				GCC_C_LANGUAGE_STANDARD = gnu11;
				GCC_NO_COMMON_BLOCKS = YES;
				GCC_WARN_64_TO_32_BIT_CONVERSION = YES;
				GCC_WARN_ABOUT_RETURN_TYPE = YES_ERROR;
				GCC_WARN_UNDECLARED_SELECTOR = YES;
				GCC_WARN_UNINITIALIZED_AUTOS = YES_AGGRESSIVE;
				GCC_WARN_UNUSED_FUNCTION = YES;
				GCC_WARN_UNUSED_VARIABLE = YES;
				IPHONEOS_DEPLOYMENT_TARGET = 12.4;
				MTL_ENABLE_DEBUG_INFO = NO;
				MTL_FAST_MATH = YES;
				SDKROOT = iphoneos;
				SWIFT_COMPILATION_MODE = wholemodule;
				SWIFT_OPTIMIZATION_LEVEL = "-O";
				VALIDATE_PRODUCT = YES;
			};
			name = Release;
		};
		95FB70DD2337B40C00BFD339 /* Debug */ = {
			isa = XCBuildConfiguration;
			buildSettings = {
				ASSETCATALOG_COMPILER_APPICON_NAME = AppIcon;
				CODE_SIGN_STYLE = Automatic;
				DEVELOPMENT_TEAM = 79V9GQJ827;
				INFOPLIST_FILE = GetRequest/Info.plist;
				LD_RUNPATH_SEARCH_PATHS = (
					"$(inherited)",
					"@executable_path/Frameworks",
				);
				PRODUCT_BUNDLE_IDENTIFIER = home.GetRequest;
				PRODUCT_NAME = "$(TARGET_NAME)";
				SWIFT_VERSION = 5.0;
				TARGETED_DEVICE_FAMILY = "1,2";
			};
			name = Debug;
		};
		95FB70DE2337B40C00BFD339 /* Release */ = {
			isa = XCBuildConfiguration;
			buildSettings = {
				ASSETCATALOG_COMPILER_APPICON_NAME = AppIcon;
				CODE_SIGN_STYLE = Automatic;
				DEVELOPMENT_TEAM = 79V9GQJ827;
				INFOPLIST_FILE = GetRequest/Info.plist;
				LD_RUNPATH_SEARCH_PATHS = (
					"$(inherited)",
					"@executable_path/Frameworks",
				);
				PRODUCT_BUNDLE_IDENTIFIER = home.GetRequest;
				PRODUCT_NAME = "$(TARGET_NAME)";
				SWIFT_VERSION = 5.0;
				TARGETED_DEVICE_FAMILY = "1,2";
			};
			name = Release;
		};
/* End XCBuildConfiguration section */

/* Begin XCConfigurationList section */
		95FB70C52337B40900BFD339 /* Build configuration list for PBXProject "GetRequest" */ = {
			isa = XCConfigurationList;
			buildConfigurations = (
				95FB70DA2337B40C00BFD339 /* Debug */,
				95FB70DB2337B40C00BFD339 /* Release */,
			);
			defaultConfigurationIsVisible = 0;
			defaultConfigurationName = Release;
		};
		95FB70DC2337B40C00BFD339 /* Build configuration list for PBXNativeTarget "GetRequest" */ = {
			isa = XCConfigurationList;
			buildConfigurations = (
				95FB70DD2337B40C00BFD339 /* Debug */,
				95FB70DE2337B40C00BFD339 /* Release */,
			);
			defaultConfigurationIsVisible = 0;
			defaultConfigurationName = Release;
		};
/* End XCConfigurationList section */
	};
	rootObject = 95FB70C22337B40900BFD339 /* Project object */;
}
